// !$*UTF8*$!
{
	archiveVersion = 1;
	classes = {
	};
	objectVersion = 46;
	objects = {

/* Begin PBXBuildFile section */
		5164521D1F0490B700EC90A8 /* TCMoviePlayer.m in Sources */ = {isa = PBXBuildFile; fileRef = 5164521C1F0490B700EC90A8 /* TCMoviePlayer.m */; };
		5164521E1F0490B700EC90A8 /* TCMoviePlayer.h in CopyFiles */ = {isa = PBXBuildFile; fileRef = 5164521B1F0490B700EC90A8 /* TCMoviePlayer.h */; };
		516452261F0490D100EC90A8 /* TCAVPlayerLayerView.m in Sources */ = {isa = PBXBuildFile; fileRef = 516452251F0490D100EC90A8 /* TCAVPlayerLayerView.m */; };
/* End PBXBuildFile section */

/* Begin PBXCopyFilesBuildPhase section */
		516452161F0490B700EC90A8 /* CopyFiles */ = {
			isa = PBXCopyFilesBuildPhase;
			buildActionMask = 2147483647;
			dstPath = "include/$(PRODUCT_NAME)";
			dstSubfolderSpec = 16;
			files = (
				5164521E1F0490B700EC90A8 /* TCMoviePlayer.h in CopyFiles */,
			);
			runOnlyForDeploymentPostprocessing = 0;
		};
/* End PBXCopyFilesBuildPhase section */

/* Begin PBXFileReference section */
		516452181F0490B700EC90A8 /* libTCMoviePlayer.a */ = {isa = PBXFileReference; explicitFileType = archive.ar; includeInIndex = 0; path = libTCMoviePlayer.a; sourceTree = BUILT_PRODUCTS_DIR; };
		5164521B1F0490B700EC90A8 /* TCMoviePlayer.h */ = {isa = PBXFileReference; lastKnownFileType = sourcecode.c.h; path = TCMoviePlayer.h; sourceTree = "<group>"; };
		5164521C1F0490B700EC90A8 /* TCMoviePlayer.m */ = {isa = PBXFileReference; lastKnownFileType = sourcecode.c.objc; path = TCMoviePlayer.m; sourceTree = "<group>"; };
		516452241F0490D100EC90A8 /* TCAVPlayerLayerView.h */ = {isa = PBXFileReference; fileEncoding = 4; lastKnownFileType = sourcecode.c.h; path = TCAVPlayerLayerView.h; sourceTree = "<group>"; };
		516452251F0490D100EC90A8 /* TCAVPlayerLayerView.m */ = {isa = PBXFileReference; fileEncoding = 4; lastKnownFileType = sourcecode.c.objc; path = TCAVPlayerLayerView.m; sourceTree = "<group>"; };
/* End PBXFileReference section */

/* Begin PBXFrameworksBuildPhase section */
		516452151F0490B700EC90A8 /* Frameworks */ = {
			isa = PBXFrameworksBuildPhase;
			buildActionMask = 2147483647;
			files = (
			);
			runOnlyForDeploymentPostprocessing = 0;
		};
/* End PBXFrameworksBuildPhase section */

/* Begin PBXGroup section */
		5164520F1F0490B700EC90A8 = {
			isa = PBXGroup;
			children = (
				5164521A1F0490B700EC90A8 /* TCMoviePlayer */,
				516452191F0490B700EC90A8 /* Products */,
			);
			sourceTree = "<group>";
		};
		516452191F0490B700EC90A8 /* Products */ = {
			isa = PBXGroup;
			children = (
				516452181F0490B700EC90A8 /* libTCMoviePlayer.a */,
			);
			name = Products;
			sourceTree = "<group>";
		};
		5164521A1F0490B700EC90A8 /* TCMoviePlayer */ = {
			isa = PBXGroup;
			children = (
				516452241F0490D100EC90A8 /* TCAVPlayerLayerView.h */,
				516452251F0490D100EC90A8 /* TCAVPlayerLayerView.m */,
				5164521B1F0490B700EC90A8 /* TCMoviePlayer.h */,
				5164521C1F0490B700EC90A8 /* TCMoviePlayer.m */,
			);
			path = TCMoviePlayer;
			sourceTree = "<group>";
		};
/* End PBXGroup section */

/* Begin PBXNativeTarget section */
		516452171F0490B700EC90A8 /* TCMoviePlayer */ = {
			isa = PBXNativeTarget;
			buildConfigurationList = 516452211F0490B700EC90A8 /* Build configuration list for PBXNativeTarget "TCMoviePlayer" */;
			buildPhases = (
				516452141F0490B700EC90A8 /* Sources */,
				516452151F0490B700EC90A8 /* Frameworks */,
				516452161F0490B700EC90A8 /* CopyFiles */,
			);
			buildRules = (
			);
			dependencies = (
			);
			name = TCMoviePlayer;
			productName = TCMoviePlayer;
			productReference = 516452181F0490B700EC90A8 /* libTCMoviePlayer.a */;
			productType = "com.apple.product-type.library.static";
		};
/* End PBXNativeTarget section */

/* Begin PBXProject section */
		516452101F0490B700EC90A8 /* Project object */ = {
			isa = PBXProject;
			attributes = {
				LastUpgradeCheck = 0810;
				ORGANIZATIONNAME = yhy;
				TargetAttributes = {
					516452171F0490B700EC90A8 = {
						CreatedOnToolsVersion = 8.1;
						ProvisioningStyle = Automatic;
					};
				};
			};
			buildConfigurationList = 516452131F0490B700EC90A8 /* Build configuration list for PBXProject "TCMoviePlayer" */;
			compatibilityVersion = "Xcode 3.2";
			developmentRegion = English;
			hasScannedForEncodings = 0;
			knownRegions = (
				en,
			);
			mainGroup = 5164520F1F0490B700EC90A8;
			productRefGroup = 516452191F0490B700EC90A8 /* Products */;
			projectDirPath = "";
			projectRoot = "";
			targets = (
				516452171F0490B700EC90A8 /* TCMoviePlayer */,
			);
		};
/* End PBXProject section */

/* Begin PBXSourcesBuildPhase section */
		516452141F0490B700EC90A8 /* Sources */ = {
			isa = PBXSourcesBuildPhase;
			buildActionMask = 2147483647;
			files = (
				5164521D1F0490B700EC90A8 /* TCMoviePlayer.m in Sources */,
				516452261F0490D100EC90A8 /* TCAVPlayerLayerView.m in Sources */,
			);
			runOnlyForDeploymentPostprocessing = 0;
		};
/* End PBXSourcesBuildPhase section */

/* Begin XCBuildConfiguration section */
		5164521F1F0490B700EC90A8 /* Debug */ = {
			isa = XCBuildConfiguration;
			buildSettings = {
				ALWAYS_SEARCH_USER_PATHS = NO;
				CLANG_ANALYZER_NONNULL = YES;
				CLANG_CXX_LANGUAGE_STANDARD = "gnu++0x";
				CLANG_CXX_LIBRARY = "libc++";
				CLANG_ENABLE_MODULES = YES;
				CLANG_ENABLE_OBJC_ARC = YES;
				CLANG_WARN_BOOL_CONVERSION = YES;
				CLANG_WARN_CONSTANT_CONVERSION = YES;
				CLANG_WARN_DIRECT_OBJC_ISA_USAGE = YES_ERROR;
				CLANG_WARN_DOCUMENTATION_COMMENTS = YES;
				CLANG_WARN_EMPTY_BODY = YES;
				CLANG_WARN_ENUM_CONVERSION = YES;
				CLANG_WARN_INFINITE_RECURSION = YES;
				CLANG_WARN_INT_CONVERSION = YES;
				CLANG_WARN_OBJC_ROOT_CLASS = YES_ERROR;
				CLANG_WARN_SUSPICIOUS_MOVES = YES;
				CLANG_WARN_UNREACHABLE_CODE = YES;
				CLANG_WARN__DUPLICATE_METHOD_MATCH = YES;
				"CODE_SIGN_IDENTITY[sdk=iphoneos*]" = "iPhone Developer";
				COPY_PHASE_STRIP = NO;
				DEBUG_INFORMATION_FORMAT = dwarf;
				ENABLE_STRICT_OBJC_MSGSEND = YES;
				ENABLE_TESTABILITY = YES;
				GCC_C_LANGUAGE_STANDARD = gnu99;
				GCC_DYNAMIC_NO_PIC = NO;
				GCC_NO_COMMON_BLOCKS = YES;
				GCC_OPTIMIZATION_LEVEL = 0;
				GCC_PREPROCESSOR_DEFINITIONS = (
					"DEBUG=1",
					"$(inherited)",
				);
				GCC_WARN_64_TO_32_BIT_CONVERSION = YES;
				GCC_WARN_ABOUT_RETURN_TYPE = YES_ERROR;
				GCC_WARN_UNDECLARED_SELECTOR = YES;
				GCC_WARN_UNINITIALIZED_AUTOS = YES_AGGRESSIVE;
				GCC_WARN_UNUSED_FUNCTION = YES;
				GCC_WARN_UNUSED_VARIABLE = YES;
				IPHONEOS_DEPLOYMENT_TARGET = 10.1;
				MTL_ENABLE_DEBUG_INFO = YES;
				ONLY_ACTIVE_ARCH = YES;
				SDKROOT = iphoneos;
			};
			name = Debug;
		};
		516452201F0490B700EC90A8 /* Release */ = {
			isa = XCBuildConfiguration;
			buildSettings = {
				ALWAYS_SEARCH_USER_PATHS = NO;
				CLANG_ANALYZER_NONNULL = YES;
				CLANG_CXX_LANGUAGE_STANDARD = "gnu++0x";
				CLANG_CXX_LIBRARY = "libc++";
				CLANG_ENABLE_MODULES = YES;
				CLANG_ENABLE_OBJC_ARC = YES;
				CLANG_WARN_BOOL_CONVERSION = YES;
				CLANG_WARN_CONSTANT_CONVERSION = YES;
				CLANG_WARN_DIRECT_OBJC_ISA_USAGE = YES_ERROR;
				CLANG_WARN_DOCUMENTATION_COMMENTS = YES;
				CLANG_WARN_EMPTY_BODY = YES;
				CLANG_WARN_ENUM_CONVERSION = YES;
				CLANG_WARN_INFINITE_RECURSION = YES;
				CLANG_WARN_INT_CONVERSION = YES;
				CLANG_WARN_OBJC_ROOT_CLASS = YES_ERROR;
				CLANG_WARN_SUSPICIOUS_MOVES = YES;
				CLANG_WARN_UNREACHABLE_CODE = YES;
				CLANG_WARN__DUPLICATE_METHOD_MATCH = YES;
				"CODE_SIGN_IDENTITY[sdk=iphoneos*]" = "iPhone Developer";
				COPY_PHASE_STRIP = NO;
				DEBUG_INFORMATION_FORMAT = "dwarf-with-dsym";
				ENABLE_NS_ASSERTIONS = NO;
				ENABLE_STRICT_OBJC_MSGSEND = YES;
				GCC_C_LANGUAGE_STANDARD = gnu99;
				GCC_NO_COMMON_BLOCKS = YES;
				GCC_WARN_64_TO_32_BIT_CONVERSION = YES;
				GCC_WARN_ABOUT_RETURN_TYPE = YES_ERROR;
				GCC_WARN_UNDECLARED_SELECTOR = YES;
				GCC_WARN_UNINITIALIZED_AUTOS = YES_AGGRESSIVE;
				GCC_WARN_UNUSED_FUNCTION = YES;
				GCC_WARN_UNUSED_VARIABLE = YES;
				IPHONEOS_DEPLOYMENT_TARGET = 10.1;
				MTL_ENABLE_DEBUG_INFO = NO;
				SDKROOT = iphoneos;
				VALIDATE_PRODUCT = YES;
			};
			name = Release;
		};
		516452221F0490B700EC90A8 /* Debug */ = {
			isa = XCBuildConfiguration;
			buildSettings = {
				OTHER_LDFLAGS = "-ObjC";
				PRODUCT_NAME = "$(TARGET_NAME)";
				SKIP_INSTALL = YES;
			};
			name = Debug;
		};
		516452231F0490B700EC90A8 /* Release */ = {
			isa = XCBuildConfiguration;
			buildSettings = {
				OTHER_LDFLAGS = "-ObjC";
				PRODUCT_NAME = "$(TARGET_NAME)";
				SKIP_INSTALL = YES;
			};
			name = Release;
		};
/* End XCBuildConfiguration section */

/* Begin XCConfigurationList section */
		516452131F0490B700EC90A8 /* Build configuration list for PBXProject "TCMoviePlayer" */ = {
			isa = XCConfigurationList;
			buildConfigurations = (
				5164521F1F0490B700EC90A8 /* Debug */,
				516452201F0490B700EC90A8 /* Release */,
			);
			defaultConfigurationIsVisible = 0;
			defaultConfigurationName = Release;
		};
		516452211F0490B700EC90A8 /* Build configuration list for PBXNativeTarget "TCMoviePlayer" */ = {
			isa = XCConfigurationList;
			buildConfigurations = (
				516452221F0490B700EC90A8 /* Debug */,
				516452231F0490B700EC90A8 /* Release */,
			);
			defaultConfigurationIsVisible = 0;
		};
/* End XCConfigurationList section */
	};
	rootObject = 516452101F0490B700EC90A8 /* Project object */;
}
